
Microsoft Visual Studio Solution File, Format Version 12.00
# Visual Studio Version 16
VisualStudioVersion = 16.0.31129.286
MinimumVisualStudioVersion = 10.0.40219.1
Project("{FAE04EC0-301F-11D3-BF4B-00C04F79EFBC}") = "VendingMachine", "VendingMachine.csproj", "{C0015415-E760-4F40-9A6D-AEF6BE164DCE}"
EndProject
Global
	GlobalSection(SolutionConfigurationPlatforms) = preSolution
		Debug|Any CPU = Debug|Any CPU
		Release|Any CPU = Release|Any CPU
	EndGlobalSection
	GlobalSection(ProjectConfigurationPlatforms) = postSolution
		{C0015415-E760-4F40-9A6D-AEF6BE164DCE}.Debug|Any CPU.ActiveCfg = Debug|Any CPU
		{C0015415-E760-4F40-9A6D-AEF6BE164DCE}.Debug|Any CPU.Build.0 = Debug|Any CPU
		{C0015415-E760-4F40-9A6D-AEF6BE164DCE}.Release|Any CPU.ActiveCfg = Release|Any CPU
		{C0015415-E760-4F40-9A6D-AEF6BE164DCE}.Release|Any CPU.Build.0 = Release|Any CPU
	EndGlobalSection
	GlobalSection(SolutionProperties) = preSolution
		HideSolutionNode = FALSE
	EndGlobalSection
	GlobalSection(ExtensibilityGlobals) = postSolution
		SolutionGuid = {FBD167AD-4207-4FC2-B73C-2D9AAF68E320}
	EndGlobalSection
EndGlobal
